
Microsoft Visual Studio Solution File, Format Version 12.00
# Visual Studio Version 16
VisualStudioVersion = 16.0.30223.230
MinimumVisualStudioVersion = 15.0.26124.0
Project("{2150E333-8FDC-42A3-9474-1A3956D46DE8}") = "Solution Items", "Solution Items", "{E7263463-3D34-48F5-9285-1DD2C0F42101}"
	ProjectSection(SolutionItems) = preProject
		.editorconfig = .editorconfig
	EndProjectSection
EndProject
Project("{9A19103F-16F7-4668-BE54-9A1E7A4F7556}") = "Ink.GraceAttorney", "Ink.GraceAttorney\Ink.GraceAttorney.csproj", "{447717F2-0A13-479B-88F5-5BCDA1EBBC1A}"
EndProject
Global
	GlobalSection(SolutionConfigurationPlatforms) = preSolution
		Debug|Any CPU = Debug|Any CPU
		Debug|x64 = Debug|x64
		Debug|x86 = Debug|x86
		Release|Any CPU = Release|Any CPU
		Release|x64 = Release|x64
		Release|x86 = Release|x86
	EndGlobalSection
	GlobalSection(ProjectConfigurationPlatforms) = postSolution
		{447717F2-0A13-479B-88F5-5BCDA1EBBC1A}.Debug|Any CPU.ActiveCfg = Debug|Any CPU
		{447717F2-0A13-479B-88F5-5BCDA1EBBC1A}.Debug|Any CPU.Build.0 = Debug|Any CPU
		{447717F2-0A13-479B-88F5-5BCDA1EBBC1A}.Debug|x64.ActiveCfg = Debug|Any CPU
		{447717F2-0A13-479B-88F5-5BCDA1EBBC1A}.Debug|x64.Build.0 = Debug|Any CPU
		{447717F2-0A13-479B-88F5-5BCDA1EBBC1A}.Debug|x86.ActiveCfg = Debug|Any CPU
		{447717F2-0A13-479B-88F5-5BCDA1EBBC1A}.Debug|x86.Build.0 = Debug|Any CPU
		{447717F2-0A13-479B-88F5-5BCDA1EBBC1A}.Release|Any CPU.ActiveCfg = Release|Any CPU
		{447717F2-0A13-479B-88F5-5BCDA1EBBC1A}.Release|Any CPU.Build.0 = Release|Any CPU
		{447717F2-0A13-479B-88F5-5BCDA1EBBC1A}.Release|x64.ActiveCfg = Release|Any CPU
		{447717F2-0A13-479B-88F5-5BCDA1EBBC1A}.Release|x64.Build.0 = Release|Any CPU
		{447717F2-0A13-479B-88F5-5BCDA1EBBC1A}.Release|x86.ActiveCfg = Release|Any CPU
		{447717F2-0A13-479B-88F5-5BCDA1EBBC1A}.Release|x86.Build.0 = Release|Any CPU
	EndGlobalSection
	GlobalSection(SolutionProperties) = preSolution
		HideSolutionNode = FALSE
	EndGlobalSection
	GlobalSection(ExtensibilityGlobals) = postSolution
		SolutionGuid = {B48838D8-BCC5-4C15-806A-40D396EBFC2A}
	EndGlobalSection
EndGlobal
